# This file is autogenerated, do not edit; changes may be undone by the next 'dep ensure'.


[[projects]]
  digest = "1:eb7e7fcb536a6c48bc1421282f65abb273795631cf42492b70373899c681f2ec"
  name = "github.com/derekpedersen/imgur-go"
  packages = [
    "model",
    "service",
  ]
  pruneopts = ""
  revision = "7a690cd78e357587cd7512ff940f183775f16ee0"
  version = "v0.2.1"

[[projects]]
  digest = "1:03f8f40437ef8b7a1c7aed0ab000474245559153639ee44d6d43ec8eb9e24eda"
  name = "github.com/golang/mock"
  packages = ["gomock"]
  pruneopts = ""
  revision = "3a35fb6e3e18b9dbfee291262260dee7372d2a92"
  version = "v1.4.3"

[[projects]]
  digest = "1:fbab76ba211c99fcd45a481a32530efc229f3510fd94889f361dcaf13ff05fe0"
  name = "github.com/gorilla/mux"
  packages = ["."]
  pruneopts = ""
  revision = "75dcda0896e109a2a22c9315bca3bb21b87b2ba5"
  version = "v1.7.4"

[[projects]]
  digest = "1:bc1620e5da7b137ec9b19834fedd16ad491c68c29fa2bf075b0eeec9c447556d"
  name = "github.com/konsorten/go-windows-terminal-sequences"
  packages = ["."]
  pruneopts = ""
  revision = "edb144dfd453055e1e49a3d8b410a660b5a87613"
  version = "v1.0.3"

[[projects]]
  digest = "1:1b2b34c281548413e60ec8a0efb951e75820bc6d1ee25f6d3c83fde0add004c3"
  name = "github.com/rs/cors"
  packages = ["."]
  pruneopts = ""
  revision = "db0fe48135e83b5812a5a31be0eea66984b1b521"
  version = "v1.7.0"

[[projects]]
  digest = "1:f1ce6edca10c753e86727ef53ee19c4e83969d259a8dd9eb453bc3e3002d82d5"
  name = "github.com/sirupsen/logrus"
  packages = ["."]
  pruneopts = ""
  revision = "60c74ad9be0d874af0ab0daef6ab07c5c5911f0d"
  version = "v1.6.0"

[[projects]]
  branch = "master"
  digest = "1:e00435f76d40ca8b876004dfbac59262ad102a19a5223bd52781101cf00833c6"
  name = "golang.org/x/sys"
  packages = [
    "internal/unsafeheader",
    "unix",
  ]
  pruneopts = ""
  revision = "ddb9806d33aed8dbaac1cd6f1cba58952e87f933"

[solve-meta]
  analyzer-name = "dep"
  analyzer-version = 1
  input-imports = [
    "github.com/derekpedersen/imgur-go/model",
    "github.com/derekpedersen/imgur-go/service",
    "github.com/golang/mock/gomock",
    "github.com/gorilla/mux",
    "github.com/rs/cors",
    "github.com/sirupsen/logrus",
  ]
  solver-name = "gps-cdcl"
  solver-version = 1
