# This file is autogenerated, do not edit; changes may be undone by the next 'dep ensure'.


[[projects]]
  digest = "1:c5b3c5c058078f2a5859a1bb571284927366df1b80b3e8cf77eb594e554c3f84"
  name = "github.com/derekpedersen/imgur-go"
  packages = [
    "model",
    "service",
  ]
  pruneopts = ""
  revision = "7a7fe93203241a3363f5e71509fb4582d1f8b340"
  version = "v0.1.0"

[[projects]]
  digest = "1:73a7106c799f98af4f3da7552906efc6a2570329f4cd2d2f5fb8f9d6c053ff2f"
  name = "github.com/golang/mock"
  packages = ["gomock"]
  pruneopts = ""
  revision = "c34cdb4725f4c3844d095133c6e40e448b86589b"
  version = "v1.1.1"

[[projects]]
  digest = "1:dbbeb8ddb0be949954c8157ee8439c2adfd8dc1c9510eb44a6e58cb68c3dce28"
  name = "github.com/gorilla/context"
  packages = ["."]
  pruneopts = ""
  revision = "08b5f424b9271eedf6f9f0ce86cb9396ed337a42"
  version = "v1.1.1"

[[projects]]
  digest = "1:c2c8666b4836c81a1d247bdf21c6a6fc1ab586538ab56f74437c2e0df5c375e1"
  name = "github.com/gorilla/mux"
  packages = ["."]
  pruneopts = ""
  revision = "e3702bed27f0d39777b0b37b664b6280e8ef8fbf"
  version = "v1.6.2"

[[projects]]
  branch = "master"
  digest = "1:81a615a6125dc40676dffaead8285e27cca0aa06206bf1c8101321bcf29c8615"
  name = "github.com/jeanphorn/log4go"
  packages = ["."]
  pruneopts = ""
  revision = "b1be4187aa93483452d5ad872779799c05ab1300"

[[projects]]
  branch = "master"
  digest = "1:55aa487818b91b7fbaac5d2e2a19c7c9d31d05cee95553ec06646c7d1d33edaa"
  name = "github.com/toolkits/file"
  packages = ["."]
  pruneopts = ""
  revision = "a5b3c5147e07f934d9f9d00b901a20b2529f1a57"

[[projects]]
  branch = "master"
  digest = "1:08e41d63f8dac84d83797368b56cf0b339e42d0224e5e56668963c28aec95685"
  name = "golang.org/x/net"
  packages = ["context"]
  pruneopts = ""
  revision = "4dfa2610cdf3b287375bbba5b8f2a14d3b01d8de"

[solve-meta]
  analyzer-name = "dep"
  analyzer-version = 1
  input-imports = [
    "github.com/derekpedersen/imgur-go/model",
    "github.com/derekpedersen/imgur-go/service",
    "github.com/golang/mock/gomock",
    "github.com/gorilla/mux",
    "github.com/jeanphorn/log4go",
  ]
  solver-name = "gps-cdcl"
  solver-version = 1
