# This file is autogenerated, do not edit; changes may be undone by the next 'dep ensure'.


[[projects]]
  branch = "master"
  name = "github.com/derekpedersen/imgur-go"
  packages = [
    "model",
    "service"
  ]
  revision = "944d04d1a11836bd053b226311e91b1159ef8b46"

[[projects]]
  branch = "master"
  name = "github.com/jeanphorn/log4go"
  packages = ["."]
  revision = "617cc1d0be3c03ef4a409aec8c3fccea0aa36de7"

[[projects]]
  branch = "master"
  name = "github.com/toolkits/file"
  packages = ["."]
  revision = "a5b3c5147e07f934d9f9d00b901a20b2529f1a57"

[solve-meta]
  analyzer-name = "dep"
  analyzer-version = 1
  inputs-digest = "cf97e99e07d7dffdc4e50f2ffb25f87751f054ef51b5aed9e6c27362394b882b"
  solver-name = "gps-cdcl"
  solver-version = 1
